{
  "requires": true,
  "lockfileVersion": 1,
  "dependencies": {
    "ajv": {
      "version": "3.8.8",
      "resolved": "https://registry.npmjs.org/ajv/-/ajv-3.8.8.tgz",
      "integrity": "sha1-xOcOwMWQRCYlKRtRr3/GpG34Uqg=",
      "requires": {
        "co": "^4.6.0",
        "json-stable-stringify": "^1.0.1"
      }
    },
    "brace": {
      "version": "0.8.0",
      "resolved": "https://registry.npmjs.org/brace/-/brace-0.8.0.tgz",
      "integrity": "sha1-6CbG1QVMrl9getexyBI23SzwGXg=",
      "requires": {
        "w3c-blob": "0.0.1"
      }
    },
    "co": {
      "version": "4.6.0",
      "resolved": "https://registry.npmjs.org/co/-/co-4.6.0.tgz",
      "integrity": "sha1-bqa989hTrlTMuOR7+gvz+QMfsYQ="
    },
    "javascript-natural-sort": {
      "version": "0.7.1",
      "resolved": "https://registry.npmjs.org/javascript-natural-sort/-/javascript-natural-sort-0.7.1.tgz",
      "integrity": "sha1-+eIwPUUH9tdDVac2ZNFED7Wg71k="
    },
    "json-stable-stringify": {
      "version": "1.0.1",
      "resolved": "https://registry.npmjs.org/json-stable-stringify/-/json-stable-stringify-1.0.1.tgz",
      "integrity": "sha1-mnWdOcXy/1A/1TAGRu1EX4jE+a8=",
      "requires": {
        "jsonify": "~0.0.0"
      }
    },
    "jsoneditor": {
      "version": "5.5.11",
      "resolved": "https://registry.npmjs.org/jsoneditor/-/jsoneditor-5.5.11.tgz",
      "integrity": "sha1-HgbU8J5CGJ7mOJHiQ10JGpvQAXo=",
      "requires": {
        "ajv": "3.8.8",
        "brace": "0.8.0",
        "javascript-natural-sort": "0.7.1"
      }
    },
    "jsonify": {
      "version": "0.0.0",
      "resolved": "https://registry.npmjs.org/jsonify/-/jsonify-0.0.0.tgz",
      "integrity": "sha1-LHS27kHZPKUbe1qu6PUDYx0lKnM="
    },
    "lodash": {
      "version": "4.17.15",
      "resolved": "https://registry.npmjs.org/lodash/-/lodash-4.17.15.tgz",
      "integrity": "sha512-8xOcRHvCjnocdS5cpwXQXVzmmh5e5+saE2QGoeQmbKmRS6J3VQppPOIt0MnmE+4xlZoumy0GPG0D0MVIQbNA1A=="
    },
    "vue": {
      "version": "2.6.10",
      "resolved": "https://registry.npmjs.org/vue/-/vue-2.6.10.tgz",
      "integrity": "sha512-ImThpeNU9HbdZL3utgMCq0oiMzAkt1mcgy3/E6zWC/G6AaQoeuFdsl9nDhTDU3X1R6FK7nsIUuRACVcjI+A2GQ=="
    },
    "vue2-jsoneditor": {
      "version": "1.0.6",
      "resolved": "https://registry.npmjs.org/vue2-jsoneditor/-/vue2-jsoneditor-1.0.6.tgz",
      "integrity": "sha512-TPxmDdCRDB5b+RNTSQLQUqzIg8lRkOGgbXaeLdqR88uP+TeagBk4gEQOvk040Xz8fYTFVkIJbHAvc33rpXKYCw==",
      "requires": {
        "jsoneditor": "5.5.11",
        "lodash": "^4.17.4",
        "vue": "^2.2.2"
      }
    },
    "w3c-blob": {
      "version": "0.0.1",
      "resolved": "https://registry.npmjs.org/w3c-blob/-/w3c-blob-0.0.1.tgz",
      "integrity": "sha1-sM01KhpQ9RVWNCD/1YYflQ8dhbg="
    }
  }
}
