{
  "requires": true,
  "lockfileVersion": 1,
  "dependencies": {
    "passport-custom": {
      "version": "1.0.5",
      "resolved": "https://registry.npmjs.org/passport-custom/-/passport-custom-1.0.5.tgz",
      "integrity": "sha1-LR2cF0pqRoW/Aom85hCRzV7HsPQ=",
      "requires": {
        "passport-strategy": "1.0.0"
      }
    },
    "passport-strategy": {
      "version": "1.0.0",
      "resolved": "https://registry.npmjs.org/passport-strategy/-/passport-strategy-1.0.0.tgz",
      "integrity": "sha1-tVOaqPwiWj0a0XlHbd8ja0QPUuQ="
    }
  }
}
