{
  "requires": true,
  "lockfileVersion": 1,
  "dependencies": {
    "@sphinxxxx/color-conversion": {
      "version": "2.1.1",
      "resolved": "https://registry.npmjs.org/@sphinxxxx/color-conversion/-/color-conversion-2.1.1.tgz",
      "integrity": "sha1-2igalkHrP2mZeUMv5TG7pSDj/7s="
    },
    "ajv": {
      "version": "5.5.2",
      "resolved": "https://registry.npmjs.org/ajv/-/ajv-5.5.2.tgz",
      "integrity": "sha1-c7Xuyj+rZT49P5Qis0GtQiBdyWU=",
      "requires": {
        "co": "4.6.0",
        "fast-deep-equal": "1.0.0",
        "fast-json-stable-stringify": "2.0.0",
        "json-schema-traverse": "0.3.1"
      }
    },
    "brace": {
      "version": "0.11.1",
      "resolved": "https://registry.npmjs.org/brace/-/brace-0.11.1.tgz",
      "integrity": "sha1-SJb8ydVE7vRfS7dmDbMg07N5/lg="
    },
    "co": {
      "version": "4.6.0",
      "resolved": "https://registry.npmjs.org/co/-/co-4.6.0.tgz",
      "integrity": "sha1-bqa989hTrlTMuOR7+gvz+QMfsYQ="
    },
    "drag-tracker": {
      "version": "1.0.0",
      "resolved": "https://registry.npmjs.org/drag-tracker/-/drag-tracker-1.0.0.tgz",
      "integrity": "sha1-m9M9OAvDBW22m9Wzz24GL+xYvWQ="
    },
    "fast-deep-equal": {
      "version": "1.0.0",
      "resolved": "https://registry.npmjs.org/fast-deep-equal/-/fast-deep-equal-1.0.0.tgz",
      "integrity": "sha1-liVqO8l1WV6zbYLpkp0GDYk0Of8="
    },
    "fast-json-stable-stringify": {
      "version": "2.0.0",
      "resolved": "https://registry.npmjs.org/fast-json-stable-stringify/-/fast-json-stable-stringify-2.0.0.tgz",
      "integrity": "sha1-1RQsDK7msRifh9OnYREGT4bIu/I="
    },
    "javascript-natural-sort": {
      "version": "0.7.1",
      "resolved": "https://registry.npmjs.org/javascript-natural-sort/-/javascript-natural-sort-0.7.1.tgz",
      "integrity": "sha1-+eIwPUUH9tdDVac2ZNFED7Wg71k="
    },
    "jmespath": {
      "version": "0.15.0",
      "resolved": "https://registry.npmjs.org/jmespath/-/jmespath-0.15.0.tgz",
      "integrity": "sha1-o/Iiqarp+Wb10nx5ZRDigJF2Qhc="
    },
    "json-schema-traverse": {
      "version": "0.3.1",
      "resolved": "https://registry.npmjs.org/json-schema-traverse/-/json-schema-traverse-0.3.1.tgz",
      "integrity": "sha1-NJptRMU6Ud6JtAgFxdXlm0F9M0A="
    },
    "json-source-map": {
      "version": "0.4.0",
      "resolved": "https://registry.npmjs.org/json-source-map/-/json-source-map-0.4.0.tgz",
      "integrity": "sha1-7qg3/jzi8r/VsTaHd5QGNUQjw1U="
    },
    "jsoneditor": {
      "version": "5.24.7",
      "resolved": "https://registry.npmjs.org/jsoneditor/-/jsoneditor-5.24.7.tgz",
      "integrity": "sha512-yzfMpmtHt/A9rrJQXhESdQ9fx6+Ib0cHp5+H4tZXifncX8SjWqUM3s1PCli2hAd2y0jrdduPfMKVw/MSzX73rQ==",
      "requires": {
        "ajv": "5.5.2",
        "brace": "0.11.1",
        "javascript-natural-sort": "0.7.1",
        "jmespath": "0.15.0",
        "json-source-map": "0.4.0",
        "mobius1-selectr": "2.4.2",
        "picomodal": "3.0.0",
        "vanilla-picker": "2.4.2"
      }
    },
    "mobius1-selectr": {
      "version": "2.4.2",
      "resolved": "https://registry.npmjs.org/mobius1-selectr/-/mobius1-selectr-2.4.2.tgz",
      "integrity": "sha512-yfy1sLxIDlgZjhThuG6gBsI4L2pJHRNaHth/hwPN5ESH5n2qkhfay/OnVmwhhDVYeui54NKIWeu6zWcobVcYtQ=="
    },
    "ng-jsoneditor": {
      "version": "1.0.0",
      "resolved": "https://registry.npmjs.org/ng-jsoneditor/-/ng-jsoneditor-1.0.0.tgz",
      "integrity": "sha1-yTK+v2W8ZhZlSg04jZRvsxRZFlA="
    },
    "picomodal": {
      "version": "3.0.0",
      "resolved": "https://registry.npmjs.org/picomodal/-/picomodal-3.0.0.tgz",
      "integrity": "sha1-+s0w9PvzSoCcHgTqUl8ATzmcC4I="
    },
    "vanilla-picker": {
      "version": "2.4.2",
      "resolved": "https://registry.npmjs.org/vanilla-picker/-/vanilla-picker-2.4.2.tgz",
      "integrity": "sha512-fAjOGwruYIrRSWtMfriwE2zya2IDHcI7ncundd1NWh/Py3WzuNIAcj6dwaoG7f72ZT9YHRCAfy84f0BoJb0tyA==",
      "requires": {
        "@sphinxxxx/color-conversion": "2.1.1",
        "drag-tracker": "1.0.0"
      }
    }
  }
}
