{
  "requires": true,
  "lockfileVersion": 1,
  "dependencies": {
    "component-bind": {
      "version": "1.0.0",
      "resolved": "https://registry.npmjs.org/component-bind/-/component-bind-1.0.0.tgz",
      "integrity": "sha1-AMYIq33Nk4l8AAllGx06jh5zu9E="
    },
    "debug": {
      "version": "2.2.0",
      "resolved": "https://registry.npmjs.org/debug/-/debug-2.2.0.tgz",
      "integrity": "sha1-+HBX6ZWxofauaklgZkE3vFbwOdo=",
      "requires": {
        "ms": "0.7.1"
      }
    },
    "ms": {
      "version": "0.7.1",
      "resolved": "https://registry.npmjs.org/ms/-/ms-0.7.1.tgz",
      "integrity": "sha1-nNE8A62/8ltl7/3nzoZO6VIBcJg="
    },
    "ng-file-upload": {
      "version": "12.2.13",
      "resolved": "https://registry.npmjs.org/ng-file-upload/-/ng-file-upload-12.2.13.tgz",
      "integrity": "sha1-AYAPOHLlJvlTEPhHfpnk8S0NjRQ="
    },
    "socket.io-stream": {
      "version": "0.9.1",
      "resolved": "https://registry.npmjs.org/socket.io-stream/-/socket.io-stream-0.9.1.tgz",
      "integrity": "sha1-QhJYMWKIuDrGk7DUPv0J1tQ6upc=",
      "requires": {
        "component-bind": "~1.0.0",
        "debug": "~2.2.0"
      }
    }
  }
}
