{
  "requires": true,
  "lockfileVersion": 1,
  "dependencies": {
    "ent": {
      "version": "2.2.0",
      "resolved": "https://registry.npmjs.org/ent/-/ent-2.2.0.tgz",
      "integrity": "sha1-6WQhkyWiHQX0RGai9obtbOX13R0="
    },
    "he": {
      "version": "1.1.1",
      "resolved": "https://registry.npmjs.org/he/-/he-1.1.1.tgz",
      "integrity": "sha1-k0EP0hsAlzUVH4howvJx80J+I/0="
    },
    "is-natural-number": {
      "version": "4.0.1",
      "resolved": "https://registry.npmjs.org/is-natural-number/-/is-natural-number-4.0.1.tgz",
      "integrity": "sha1-q5124dtM7VHjXeDHLr7PCfc0zeg="
    },
    "is-natural-number-string": {
      "version": "1.0.1",
      "resolved": "https://registry.npmjs.org/is-natural-number-string/-/is-natural-number-string-1.0.1.tgz",
      "integrity": "sha1-0OvxwBH64tOwc02MgBFuJRKkoug="
    },
    "lodash.clonedeep": {
      "version": "4.5.0",
      "resolved": "https://registry.npmjs.org/lodash.clonedeep/-/lodash.clonedeep-4.5.0.tgz",
      "integrity": "sha1-4j8/nE+Pvd6HJSnBBxhXoIblzO8="
    },
    "lodash.isplainobject": {
      "version": "4.0.6",
      "resolved": "https://registry.npmjs.org/lodash.isplainobject/-/lodash.isplainobject-4.0.6.tgz",
      "integrity": "sha1-fFJqUtibRcRcxpC4gWO+BJf1UMs="
    },
    "lodash.trim": {
      "version": "4.5.1",
      "resolved": "https://registry.npmjs.org/lodash.trim/-/lodash.trim-4.5.1.tgz",
      "integrity": "sha1-NkJefukL5KpeJ7zruFt9EepHqlc="
    },
    "lodash.without": {
      "version": "4.4.0",
      "resolved": "https://registry.npmjs.org/lodash.without/-/lodash.without-4.4.0.tgz",
      "integrity": "sha1-PNRXSgC2e643OpS3SHcmQFB7eqw="
    },
    "node-html-parser": {
      "version": "1.1.16",
      "resolved": "https://registry.npmjs.org/node-html-parser/-/node-html-parser-1.1.16.tgz",
      "integrity": "sha512-cfqTZIYDdp5cGh3NvCD5dcEDP7hfyni7WgyFacmDynLlIZaF3GVlRk8yMARhWp/PobWt1KaCV8VKdP5LKWiVbg==",
      "requires": {
        "he": "1.1.1"
      }
    },
    "ranges-apply": {
      "version": "3.0.40",
      "resolved": "https://registry.npmjs.org/ranges-apply/-/ranges-apply-3.0.40.tgz",
      "integrity": "sha512-+Y6/oiXIp1hZIF+nziywjGAEktWLkZ+sJ9AYIqghrBCKoh/i/s1WFJLtOTSLlc40X23jM8iEGSNVEScak3Yw2A==",
      "requires": {
        "is-natural-number": "^4.0.1",
        "is-natural-number-string": "^1.0.1",
        "ranges-merge": "^4.2.25"
      }
    },
    "ranges-merge": {
      "version": "4.2.25",
      "resolved": "https://registry.npmjs.org/ranges-merge/-/ranges-merge-4.2.25.tgz",
      "integrity": "sha512-hUj7avqB4t2qSpisJBfN3R/ZE2XlJx+RIJwhzwyRqLVxRkz6WZyQ2UhZePQVR6DV3tqO+JYYVj05T6EnDt3RUA==",
      "requires": {
        "lodash.clonedeep": "^4.5.0",
        "lodash.isplainobject": "^4.0.6",
        "ranges-sort": "^3.10.42"
      }
    },
    "ranges-push": {
      "version": "3.6.8",
      "resolved": "https://registry.npmjs.org/ranges-push/-/ranges-push-3.6.8.tgz",
      "integrity": "sha512-KXGG8vkxlE7kpDKmxiQ+tNF5nuIhX31q27G5+FSyafWlJA8vr91HM/JUUlPOc3bFurGlHCfJqstNTiHWSM9EHg==",
      "requires": {
        "is-natural-number": "^4.0.1",
        "is-natural-number-string": "^1.0.1",
        "lodash.clonedeep": "^4.5.0",
        "ranges-merge": "^4.2.25",
        "string-collapse-leading-whitespace": "^2.0.6",
        "string-trim-spaces-only": "^2.8.5"
      }
    },
    "ranges-sort": {
      "version": "3.10.42",
      "resolved": "https://registry.npmjs.org/ranges-sort/-/ranges-sort-3.10.42.tgz",
      "integrity": "sha512-fwBLseMjAKlby3l/aa5qPK5hlbKxk4W1wV+bwyAv0Dwm5TESRYccWlUhrDyoG5cXa1v5fuWd4U9/P1s8sPAyOA==",
      "requires": {
        "is-natural-number": "^4.0.1"
      }
    },
    "string-collapse-leading-whitespace": {
      "version": "2.0.6",
      "resolved": "https://registry.npmjs.org/string-collapse-leading-whitespace/-/string-collapse-leading-whitespace-2.0.6.tgz",
      "integrity": "sha512-kws8qHj2G2oroRxGUgz1YXA8hRDH4HX+X3rIEbbesz8QxhPq0LS8u/Di7cRrHKaqCfkT2nsNji9qVC0mK1Rm/w=="
    },
    "string-left-right": {
      "version": "2.3.8",
      "resolved": "https://registry.npmjs.org/string-left-right/-/string-left-right-2.3.8.tgz",
      "integrity": "sha512-jrqMA7ytN//YAeOw+/mFNRUZAVf3E+wpwJNJV/LSIWz3JKAE8Nh9QQsQ7EvRjNhlf3R8UFFrZzxq77zJEbh6DA==",
      "requires": {
        "lodash.clonedeep": "^4.5.0",
        "lodash.isplainobject": "^4.0.6"
      }
    },
    "string-strip-html": {
      "version": "4.3.7",
      "resolved": "https://registry.npmjs.org/string-strip-html/-/string-strip-html-4.3.7.tgz",
      "integrity": "sha512-SIFTf2KL0O0kI4O75S92lNUgEX8sY3SLiFhnUCF6OV8f2bZsKPt+52J9yCjqtgkufAYqDhBBUyMpsU9UrMOm7w==",
      "requires": {
        "ent": "^2.2.0",
        "lodash.isplainobject": "^4.0.6",
        "lodash.trim": "^4.5.1",
        "lodash.without": "^4.4.0",
        "ranges-apply": "^3.0.40",
        "ranges-push": "^3.6.8",
        "string-left-right": "^2.3.8"
      }
    },
    "string-trim-spaces-only": {
      "version": "2.8.5",
      "resolved": "https://registry.npmjs.org/string-trim-spaces-only/-/string-trim-spaces-only-2.8.5.tgz",
      "integrity": "sha512-v/4G8BaYm2xU0t+TslHTMZEX4/dGb5HrB8LCfuOvBDvD+vgne/BVUDfLsTxXbKYl41KEvlxx06Y9e/mRAOWpuA=="
    },
    "striptags": {
      "version": "3.1.1",
      "resolved": "https://registry.npmjs.org/striptags/-/striptags-3.1.1.tgz",
      "integrity": "sha1-yMPn/db7S7OjKjt1LltePjgJPr0="
    }
  }
}
