{
  "requires": true,
  "lockfileVersion": 1,
  "dependencies": {
    "ent": {
      "version": "2.2.0",
      "resolved": "https://registry.npmjs.org/ent/-/ent-2.2.0.tgz",
      "integrity": "sha1-6WQhkyWiHQX0RGai9obtbOX13R0="
    },
    "he": {
      "version": "1.1.1",
      "resolved": "https://registry.npmjs.org/he/-/he-1.1.1.tgz",
      "integrity": "sha1-k0EP0hsAlzUVH4howvJx80J+I/0="
    },
    "lodash.clonedeep": {
      "version": "4.5.0",
      "resolved": "https://registry.npmjs.org/lodash.clonedeep/-/lodash.clonedeep-4.5.0.tgz",
      "integrity": "sha1-4j8/nE+Pvd6HJSnBBxhXoIblzO8="
    },
    "lodash.isplainobject": {
      "version": "4.0.6",
      "resolved": "https://registry.npmjs.org/lodash.isplainobject/-/lodash.isplainobject-4.0.6.tgz",
      "integrity": "sha1-fFJqUtibRcRcxpC4gWO+BJf1UMs="
    },
    "lodash.trim": {
      "version": "4.5.1",
      "resolved": "https://registry.npmjs.org/lodash.trim/-/lodash.trim-4.5.1.tgz",
      "integrity": "sha1-NkJefukL5KpeJ7zruFt9EepHqlc="
    },
    "lodash.without": {
      "version": "4.4.0",
      "resolved": "https://registry.npmjs.org/lodash.without/-/lodash.without-4.4.0.tgz",
      "integrity": "sha1-PNRXSgC2e643OpS3SHcmQFB7eqw="
    },
    "node-html-parser": {
      "version": "1.2.16",
      "resolved": "https://registry.npmjs.org/node-html-parser/-/node-html-parser-1.2.16.tgz",
      "integrity": "sha512-TrLpGov7J9hBdWWREudBreragmRPq2Q5b19Ly66XoZVUZbb8JXkIqHkPbTHKicuVC8jNnkP4bRnNVik4mkPahw==",
      "requires": {
        "he": "1.1.1"
      }
    },
    "ranges-apply": {
      "version": "3.1.5",
      "resolved": "https://registry.npmjs.org/ranges-apply/-/ranges-apply-3.1.5.tgz",
      "integrity": "sha512-NNfRFDpxAlapf8KpXWzRkaiOvMOYCziVhC7xfRwXAEzSC5deEsiGV5I3ElKRgVsWBbDuCmnvIz2/t7VttlfiNA==",
      "requires": {
        "ranges-merge": "^4.3.4"
      }
    },
    "ranges-merge": {
      "version": "4.3.4",
      "resolved": "https://registry.npmjs.org/ranges-merge/-/ranges-merge-4.3.4.tgz",
      "integrity": "sha512-1oyaFepBN1tLOiZtFybgQbxUegKL/Ixtncajz6IoXCpfJPb9nMw3Po5pQIedMTvpbK6BwEIu+bYnP3eTkVwmPQ==",
      "requires": {
        "ranges-sort": "^3.11.3"
      }
    },
    "ranges-push": {
      "version": "3.7.7",
      "resolved": "https://registry.npmjs.org/ranges-push/-/ranges-push-3.7.7.tgz",
      "integrity": "sha512-ZsoLBoVew0RpuErMkQtgZXDzeBVQkIuzIhmAg/4WQVlsWgoJKFwY8P+9JuZwYdWOUdzUjYyAVIdlqozCtNtdTQ==",
      "requires": {
        "ranges-merge": "^4.3.4",
        "string-collapse-leading-whitespace": "^2.0.18",
        "string-trim-spaces-only": "^2.8.16"
      }
    },
    "ranges-sort": {
      "version": "3.11.3",
      "resolved": "https://registry.npmjs.org/ranges-sort/-/ranges-sort-3.11.3.tgz",
      "integrity": "sha512-0OSp8Q5q08mMWtw7Or6u7GmjcQ2xDCp2MBX0dEj8KYrgJNF6eymkAZm7bwzApxDrm2mlas2zMUCOB7Obip8uiQ=="
    },
    "string-collapse-leading-whitespace": {
      "version": "2.0.18",
      "resolved": "https://registry.npmjs.org/string-collapse-leading-whitespace/-/string-collapse-leading-whitespace-2.0.18.tgz",
      "integrity": "sha512-WccASK5aTO4H57ILFmzTGTuNNEQUGH7+nVDdj9N3/wePMrZ7KuAOvuRsfQP94h3cmb8S6aZB8DE/hOwCltj1OQ=="
    },
    "string-left-right": {
      "version": "2.3.21",
      "resolved": "https://registry.npmjs.org/string-left-right/-/string-left-right-2.3.21.tgz",
      "integrity": "sha512-9XZZ/rDRDbLoJjrNn5stn/BKGvzDWmPqnA755VUhPZBUIT3FROgiDeLrG7Da9F9cpSYqAgWRjH3cNZ9wKedhbA==",
      "requires": {
        "lodash.clonedeep": "^4.5.0",
        "lodash.isplainobject": "^4.0.6"
      }
    },
    "string-strip-html": {
      "version": "4.4.0",
      "resolved": "https://registry.npmjs.org/string-strip-html/-/string-strip-html-4.4.0.tgz",
      "integrity": "sha512-GwR/+KWPFpN1H3HRjr/hq1M+z0aOUly99538A+IcIoEYVeD9aNeBM5pftfvL4BtuLdkkadZ+J3v6FiQHCH/kkQ==",
      "requires": {
        "ent": "^2.2.0",
        "lodash.isplainobject": "^4.0.6",
        "lodash.trim": "^4.5.1",
        "lodash.without": "^4.4.0",
        "ranges-apply": "^3.1.5",
        "ranges-push": "^3.7.7",
        "string-left-right": "^2.3.21"
      }
    },
    "string-trim-spaces-only": {
      "version": "2.8.16",
      "resolved": "https://registry.npmjs.org/string-trim-spaces-only/-/string-trim-spaces-only-2.8.16.tgz",
      "integrity": "sha512-zPS5GWUVmG/kSAD7zb+bb2w9zuO9yhMPhnMQQsYZhqR7HT5lwVelbAjTF7I7MwPr5pdT/3M40femoHTHpCEQFA=="
    },
    "striptags": {
      "version": "3.1.1",
      "resolved": "https://registry.npmjs.org/striptags/-/striptags-3.1.1.tgz",
      "integrity": "sha1-yMPn/db7S7OjKjt1LltePjgJPr0="
    }
  }
}
