{
  "requires": true,
  "lockfileVersion": 1,
  "dependencies": {
    "font-awesome": {
      "version": "4.7.0",
      "resolved": "https://registry.npmjs.org/font-awesome/-/font-awesome-4.7.0.tgz",
      "integrity": "sha1-j6jPBBGhoxr9B7BtKQK7n8gVoTM="
    },
    "split.js": {
      "version": "1.5.10",
      "resolved": "https://registry.npmjs.org/split.js/-/split.js-1.5.10.tgz",
      "integrity": "sha512-/J52X5c4ZypVwu4WAhD8E1T9uXQtNokvG6mIBHauzyA1aKH6bmETVSv3RPjBXEz6Gcc4mIThgmjGQL39LD16jQ=="
    }
  }
}
